
Microsoft Visual Studio Solution File, Format Version 12.00
# Visual Studio 15
VisualStudioVersion = 15.0.28307.705
MinimumVisualStudioVersion = 10.0.40219.1
Project("{9A19103F-16F7-4668-BE54-9A1E7A4F7556}") = "SquareCalculation", "SquareCalculation\SquareCalculation.csproj", "{6BD79B55-6B3C-4BB0-82EF-A05875ACDA4E}"
EndProject
Project("{9A19103F-16F7-4668-BE54-9A1E7A4F7556}") = "CalculationTest", "CalculationTest\CalculationTest.csproj", "{BF762417-A2ED-481C-8AAD-CB335117120E}"
EndProject
Global
	GlobalSection(SolutionConfigurationPlatforms) = preSolution
		Debug|Any CPU = Debug|Any CPU
		Release|Any CPU = Release|Any CPU
	EndGlobalSection
	GlobalSection(ProjectConfigurationPlatforms) = postSolution
		{6BD79B55-6B3C-4BB0-82EF-A05875ACDA4E}.Debug|Any CPU.ActiveCfg = Debug|Any CPU
		{6BD79B55-6B3C-4BB0-82EF-A05875ACDA4E}.Debug|Any CPU.Build.0 = Debug|Any CPU
		{6BD79B55-6B3C-4BB0-82EF-A05875ACDA4E}.Release|Any CPU.ActiveCfg = Release|Any CPU
		{6BD79B55-6B3C-4BB0-82EF-A05875ACDA4E}.Release|Any CPU.Build.0 = Release|Any CPU
		{BF762417-A2ED-481C-8AAD-CB335117120E}.Debug|Any CPU.ActiveCfg = Debug|Any CPU
		{BF762417-A2ED-481C-8AAD-CB335117120E}.Debug|Any CPU.Build.0 = Debug|Any CPU
		{BF762417-A2ED-481C-8AAD-CB335117120E}.Release|Any CPU.ActiveCfg = Release|Any CPU
		{BF762417-A2ED-481C-8AAD-CB335117120E}.Release|Any CPU.Build.0 = Release|Any CPU
	EndGlobalSection
	GlobalSection(SolutionProperties) = preSolution
		HideSolutionNode = FALSE
	EndGlobalSection
	GlobalSection(ExtensibilityGlobals) = postSolution
		SolutionGuid = {D725166E-8A39-4C82-8D20-CE993B3B8E2D}
	EndGlobalSection
EndGlobal
